
Microsoft Visual Studio Solution File, Format Version 12.00
# Visual Studio Version 17
VisualStudioVersion = 17.11.35222.181
MinimumVisualStudioVersion = 10.0.40219.1
Project("{FAE04EC0-301F-11D3-BF4B-00C04F79EFBC}") = "DeepSea.Web", "DeepSea.Web\DeepSea.Web.csproj", "{B4B57450-B794-4DC2-B153-CCA6504D81C6}"
EndProject
Global
	GlobalSection(SolutionConfigurationPlatforms) = preSolution
		Debug|Any CPU = Debug|Any CPU
		Release|Any CPU = Release|Any CPU
	EndGlobalSection
	GlobalSection(ProjectConfigurationPlatforms) = postSolution
		{B4B57450-B794-4DC2-B153-CCA6504D81C6}.Debug|Any CPU.ActiveCfg = Debug|Any CPU
		{B4B57450-B794-4DC2-B153-CCA6504D81C6}.Debug|Any CPU.Build.0 = Debug|Any CPU
		{B4B57450-B794-4DC2-B153-CCA6504D81C6}.Release|Any CPU.ActiveCfg = Release|Any CPU
		{B4B57450-B794-4DC2-B153-CCA6504D81C6}.Release|Any CPU.Build.0 = Release|Any CPU
	EndGlobalSection
	GlobalSection(SolutionProperties) = preSolution
		HideSolutionNode = FALSE
	EndGlobalSection
	GlobalSection(ExtensibilityGlobals) = postSolution
		SolutionGuid = {DC6F76D0-9AA2-4EFF-B816-DEDDB9B96506}
	EndGlobalSection
EndGlobal
